
Microsoft Visual Studio Solution File, Format Version 12.00
# Visual Studio Version 16
VisualStudioVersion = 16.0.34601.136
MinimumVisualStudioVersion = 10.0.40219.1
Project("{FAE04EC0-301F-11D3-BF4B-00C04F79EFBC}") = "WebApplication1", "WebApplication1\WebApplication1.csproj", "{7F91C900-1D28-4248-9BD6-C9C5563BBEB2}"
EndProject
Project("{FAE04EC0-301F-11D3-BF4B-00C04F79EFBC}") = "WebApplication2", "..\WebApplication2\WebApplication2.csproj", "{40A3C176-3E29-4BCE-B6E8-AA136A4AD017}"
EndProject
Global
	GlobalSection(SolutionConfigurationPlatforms) = preSolution
		Debug|Any CPU = Debug|Any CPU
		Release|Any CPU = Release|Any CPU
	EndGlobalSection
	GlobalSection(ProjectConfigurationPlatforms) = postSolution
		{7F91C900-1D28-4248-9BD6-C9C5563BBEB2}.Debug|Any CPU.ActiveCfg = Debug|Any CPU
		{7F91C900-1D28-4248-9BD6-C9C5563BBEB2}.Debug|Any CPU.Build.0 = Debug|Any CPU
		{7F91C900-1D28-4248-9BD6-C9C5563BBEB2}.Release|Any CPU.ActiveCfg = Release|Any CPU
		{7F91C900-1D28-4248-9BD6-C9C5563BBEB2}.Release|Any CPU.Build.0 = Release|Any CPU
		{40A3C176-3E29-4BCE-B6E8-AA136A4AD017}.Debug|Any CPU.ActiveCfg = Debug|Any CPU
		{40A3C176-3E29-4BCE-B6E8-AA136A4AD017}.Debug|Any CPU.Build.0 = Debug|Any CPU
		{40A3C176-3E29-4BCE-B6E8-AA136A4AD017}.Release|Any CPU.ActiveCfg = Release|Any CPU
		{40A3C176-3E29-4BCE-B6E8-AA136A4AD017}.Release|Any CPU.Build.0 = Release|Any CPU
	EndGlobalSection
	GlobalSection(SolutionProperties) = preSolution
		HideSolutionNode = FALSE
	EndGlobalSection
	GlobalSection(ExtensibilityGlobals) = postSolution
		SolutionGuid = {A5B43A15-0D10-4C6F-8314-36C9DBE74E8D}
	EndGlobalSection
EndGlobal
